{
  "requires": true,
  "lockfileVersion": 1,
  "dependencies": {
    "angular4-material-table": {
      "version": "0.1.8",
      "resolved": "https://registry.npmjs.org/angular4-material-table/-/angular4-material-table-0.1.8.tgz",
      "integrity": "sha512-C4qDsqP/5p2v9u6jf75tEQ3cmdrVHA9Zfb3aTKqr0pogo3pL0IGnBsIyrRR9kMqxB2KzomLyV9EK8phzry7C/g=="
    }
  }
}
